
Microsoft Visual Studio Solution File, Format Version 12.00
# Visual Studio Version 17
VisualStudioVersion = 17.0.31903.59
MinimumVisualStudioVersion = 10.0.40219.1
Project("{2150E333-8FDC-42A3-9474-1A3956D46DE8}") = "src", "src", "{77CEAD5A-D0CF-4D52-80E5-4E78F06B416E}"
EndProject
Project("{2150E333-8FDC-42A3-9474-1A3956D46DE8}") = "etc", "etc", "{B1A0CBE4-D82F-4F0B-B6CB-0D514FFB63BD}"
EndProject
Project("{FAE04EC0-301F-11D3-BF4B-00C04F79EFBC}") = "Common", "src\etc\Common\Common.csproj", "{1AB171A3-04A2-4DBB-A183-490D3B344AEC}"
EndProject
Project("{2150E333-8FDC-42A3-9474-1A3956D46DE8}") = "core", "core", "{A36E6EFC-87F0-4860-885C-D08969C6028C}"
EndProject
Project("{FAE04EC0-301F-11D3-BF4B-00C04F79EFBC}") = "Demograzy.BusinessLogic", "src\core\Demograzy.BusinessLogic\Demograzy.BusinessLogic.csproj", "{B20A91F8-38E1-4EDC-B34D-2AE46FA80F07}"
EndProject
Project("{FAE04EC0-301F-11D3-BF4B-00C04F79EFBC}") = "Demograzy.DataAccess.Sql", "src\core\Demograzy.DataAccess.Sql\Demograzy.DataAccess.Sql.csproj", "{B43DF313-0AE2-46A3-BE06-90B6A67AF467}"
EndProject
Project("{2150E333-8FDC-42A3-9474-1A3956D46DE8}") = "web", "web", "{4DB13089-C701-4877-80CD-968A268B6EDE}"
EndProject
Project("{FAE04EC0-301F-11D3-BF4B-00C04F79EFBC}") = "Demograzy.Server", "src\web\Demorgazy.Server\Demograzy.Server.csproj", "{8D367BC9-3352-47CE-A7A1-11A8DD3B4C65}"
EndProject
Project("{FAE04EC0-301F-11D3-BF4B-00C04F79EFBC}") = "Demograzy.Core.Test", "src\core\Demograzy.Core.Test\Demograzy.Core.Test.csproj", "{7738C5A2-F380-4059-927B-5122B46B731B}"
EndProject
Project("{2150E333-8FDC-42A3-9474-1A3956D46DE8}") = "database_access", "database_access", "{6977E1A2-16A4-403D-B04F-121581A4C40B}"
EndProject
Project("{FAE04EC0-301F-11D3-BF4B-00C04F79EFBC}") = "DataAccess.Sql", "src\etc\database_access\DataAccess.Sql\DataAccess.Sql.csproj", "{CF65757E-E040-4CEC-B615-6299D5EF30F9}"
EndProject
Project("{FAE04EC0-301F-11D3-BF4B-00C04F79EFBC}") = "DataAccess.Sql.SQLite", "src\etc\database_access\DataAccess.Sql.SQLite\DataAccess.Sql.SQLite.csproj", "{9490CEDA-520A-4F7F-8F26-A8219ED59B38}"
EndProject
Project("{FAE04EC0-301F-11D3-BF4B-00C04F79EFBC}") = "DataAccess.Sql.PostgreSql", "src\etc\database_access\DataAccess.Sql.PostgreSql\DataAccess.Sql.PostgreSql.csproj", "{81931019-7CB8-491A-A7B1-21D82A75539E}"
EndProject
Global
	GlobalSection(SolutionConfigurationPlatforms) = preSolution
		Debug|Any CPU = Debug|Any CPU
		Release|Any CPU = Release|Any CPU
	EndGlobalSection
	GlobalSection(SolutionProperties) = preSolution
		HideSolutionNode = FALSE
	EndGlobalSection
	GlobalSection(ProjectConfigurationPlatforms) = postSolution
		{1AB171A3-04A2-4DBB-A183-490D3B344AEC}.Debug|Any CPU.ActiveCfg = Debug|Any CPU
		{1AB171A3-04A2-4DBB-A183-490D3B344AEC}.Debug|Any CPU.Build.0 = Debug|Any CPU
		{1AB171A3-04A2-4DBB-A183-490D3B344AEC}.Release|Any CPU.ActiveCfg = Release|Any CPU
		{1AB171A3-04A2-4DBB-A183-490D3B344AEC}.Release|Any CPU.Build.0 = Release|Any CPU
		{B20A91F8-38E1-4EDC-B34D-2AE46FA80F07}.Debug|Any CPU.ActiveCfg = Debug|Any CPU
		{B20A91F8-38E1-4EDC-B34D-2AE46FA80F07}.Debug|Any CPU.Build.0 = Debug|Any CPU
		{B20A91F8-38E1-4EDC-B34D-2AE46FA80F07}.Release|Any CPU.ActiveCfg = Release|Any CPU
		{B20A91F8-38E1-4EDC-B34D-2AE46FA80F07}.Release|Any CPU.Build.0 = Release|Any CPU
		{B43DF313-0AE2-46A3-BE06-90B6A67AF467}.Debug|Any CPU.ActiveCfg = Debug|Any CPU
		{B43DF313-0AE2-46A3-BE06-90B6A67AF467}.Debug|Any CPU.Build.0 = Debug|Any CPU
		{B43DF313-0AE2-46A3-BE06-90B6A67AF467}.Release|Any CPU.ActiveCfg = Release|Any CPU
		{B43DF313-0AE2-46A3-BE06-90B6A67AF467}.Release|Any CPU.Build.0 = Release|Any CPU
		{8D367BC9-3352-47CE-A7A1-11A8DD3B4C65}.Debug|Any CPU.ActiveCfg = Debug|Any CPU
		{8D367BC9-3352-47CE-A7A1-11A8DD3B4C65}.Debug|Any CPU.Build.0 = Debug|Any CPU
		{8D367BC9-3352-47CE-A7A1-11A8DD3B4C65}.Release|Any CPU.ActiveCfg = Release|Any CPU
		{8D367BC9-3352-47CE-A7A1-11A8DD3B4C65}.Release|Any CPU.Build.0 = Release|Any CPU
		{7738C5A2-F380-4059-927B-5122B46B731B}.Debug|Any CPU.ActiveCfg = Debug|Any CPU
		{7738C5A2-F380-4059-927B-5122B46B731B}.Debug|Any CPU.Build.0 = Debug|Any CPU
		{7738C5A2-F380-4059-927B-5122B46B731B}.Release|Any CPU.ActiveCfg = Release|Any CPU
		{7738C5A2-F380-4059-927B-5122B46B731B}.Release|Any CPU.Build.0 = Release|Any CPU
		{CF65757E-E040-4CEC-B615-6299D5EF30F9}.Debug|Any CPU.ActiveCfg = Debug|Any CPU
		{CF65757E-E040-4CEC-B615-6299D5EF30F9}.Debug|Any CPU.Build.0 = Debug|Any CPU
		{CF65757E-E040-4CEC-B615-6299D5EF30F9}.Release|Any CPU.ActiveCfg = Release|Any CPU
		{CF65757E-E040-4CEC-B615-6299D5EF30F9}.Release|Any CPU.Build.0 = Release|Any CPU
		{9490CEDA-520A-4F7F-8F26-A8219ED59B38}.Debug|Any CPU.ActiveCfg = Debug|Any CPU
		{9490CEDA-520A-4F7F-8F26-A8219ED59B38}.Debug|Any CPU.Build.0 = Debug|Any CPU
		{9490CEDA-520A-4F7F-8F26-A8219ED59B38}.Release|Any CPU.ActiveCfg = Release|Any CPU
		{9490CEDA-520A-4F7F-8F26-A8219ED59B38}.Release|Any CPU.Build.0 = Release|Any CPU
		{81931019-7CB8-491A-A7B1-21D82A75539E}.Debug|Any CPU.ActiveCfg = Debug|Any CPU
		{81931019-7CB8-491A-A7B1-21D82A75539E}.Debug|Any CPU.Build.0 = Debug|Any CPU
		{81931019-7CB8-491A-A7B1-21D82A75539E}.Release|Any CPU.ActiveCfg = Release|Any CPU
		{81931019-7CB8-491A-A7B1-21D82A75539E}.Release|Any CPU.Build.0 = Release|Any CPU
	EndGlobalSection
	GlobalSection(NestedProjects) = preSolution
		{B1A0CBE4-D82F-4F0B-B6CB-0D514FFB63BD} = {77CEAD5A-D0CF-4D52-80E5-4E78F06B416E}
		{1AB171A3-04A2-4DBB-A183-490D3B344AEC} = {B1A0CBE4-D82F-4F0B-B6CB-0D514FFB63BD}
		{A36E6EFC-87F0-4860-885C-D08969C6028C} = {77CEAD5A-D0CF-4D52-80E5-4E78F06B416E}
		{B20A91F8-38E1-4EDC-B34D-2AE46FA80F07} = {A36E6EFC-87F0-4860-885C-D08969C6028C}
		{B43DF313-0AE2-46A3-BE06-90B6A67AF467} = {A36E6EFC-87F0-4860-885C-D08969C6028C}
		{4DB13089-C701-4877-80CD-968A268B6EDE} = {77CEAD5A-D0CF-4D52-80E5-4E78F06B416E}
		{8D367BC9-3352-47CE-A7A1-11A8DD3B4C65} = {4DB13089-C701-4877-80CD-968A268B6EDE}
		{7738C5A2-F380-4059-927B-5122B46B731B} = {A36E6EFC-87F0-4860-885C-D08969C6028C}
		{6977E1A2-16A4-403D-B04F-121581A4C40B} = {B1A0CBE4-D82F-4F0B-B6CB-0D514FFB63BD}
		{CF65757E-E040-4CEC-B615-6299D5EF30F9} = {6977E1A2-16A4-403D-B04F-121581A4C40B}
		{9490CEDA-520A-4F7F-8F26-A8219ED59B38} = {6977E1A2-16A4-403D-B04F-121581A4C40B}
		{81931019-7CB8-491A-A7B1-21D82A75539E} = {6977E1A2-16A4-403D-B04F-121581A4C40B}
	EndGlobalSection
EndGlobal
