
Microsoft Visual Studio Solution File, Format Version 12.00
# Visual Studio Version 17
VisualStudioVersion = 17.0.31903.59
MinimumVisualStudioVersion = 10.0.40219.1
Project("{2150E333-8FDC-42A3-9474-1A3956D46DE8}") = "src", "src", "{77CEAD5A-D0CF-4D52-80E5-4E78F06B416E}"
EndProject
Project("{2150E333-8FDC-42A3-9474-1A3956D46DE8}") = "etc", "etc", "{B1A0CBE4-D82F-4F0B-B6CB-0D514FFB63BD}"
EndProject
Project("{FAE04EC0-301F-11D3-BF4B-00C04F79EFBC}") = "Common", "src\etc\Common\Common.csproj", "{1AB171A3-04A2-4DBB-A183-490D3B344AEC}"
EndProject
Project("{2150E333-8FDC-42A3-9474-1A3956D46DE8}") = "core", "core", "{A36E6EFC-87F0-4860-885C-D08969C6028C}"
EndProject
Project("{FAE04EC0-301F-11D3-BF4B-00C04F79EFBC}") = "Demograzy.BusinessLogic", "src\core\Demograzy.BusinessLogic\Demograzy.BusinessLogic.csproj", "{B20A91F8-38E1-4EDC-B34D-2AE46FA80F07}"
EndProject
Project("{FAE04EC0-301F-11D3-BF4B-00C04F79EFBC}") = "Demograzy.DataAccess.Sql", "src\core\Demograzy.DataAccess.Sql\Demograzy.DataAccess.Sql.csproj", "{B43DF313-0AE2-46A3-BE06-90B6A67AF467}"
EndProject
Project("{2150E333-8FDC-42A3-9474-1A3956D46DE8}") = "web", "web", "{4DB13089-C701-4877-80CD-968A268B6EDE}"
EndProject
Project("{FAE04EC0-301F-11D3-BF4B-00C04F79EFBC}") = "Demograzy.Server", "src\web\Demorgazy.Server\Demograzy.Server.csproj", "{8D367BC9-3352-47CE-A7A1-11A8DD3B4C65}"
EndProject
Project("{FAE04EC0-301F-11D3-BF4B-00C04F79EFBC}") = "Demograzy.DataAccess.Sql.PostgreSql", "src\core\Demograzy.DataAccess.Sql.PostgreSql\Demograzy.DataAccess.Sql.PostgreSql.csproj", "{E4D63AFE-5D61-446C-907C-33A8BCDA24A4}"
EndProject
Global
	GlobalSection(SolutionConfigurationPlatforms) = preSolution
		Debug|Any CPU = Debug|Any CPU
		Release|Any CPU = Release|Any CPU
	EndGlobalSection
	GlobalSection(SolutionProperties) = preSolution
		HideSolutionNode = FALSE
	EndGlobalSection
	GlobalSection(ProjectConfigurationPlatforms) = postSolution
		{1AB171A3-04A2-4DBB-A183-490D3B344AEC}.Debug|Any CPU.ActiveCfg = Debug|Any CPU
		{1AB171A3-04A2-4DBB-A183-490D3B344AEC}.Debug|Any CPU.Build.0 = Debug|Any CPU
		{1AB171A3-04A2-4DBB-A183-490D3B344AEC}.Release|Any CPU.ActiveCfg = Release|Any CPU
		{1AB171A3-04A2-4DBB-A183-490D3B344AEC}.Release|Any CPU.Build.0 = Release|Any CPU
		{B20A91F8-38E1-4EDC-B34D-2AE46FA80F07}.Debug|Any CPU.ActiveCfg = Debug|Any CPU
		{B20A91F8-38E1-4EDC-B34D-2AE46FA80F07}.Debug|Any CPU.Build.0 = Debug|Any CPU
		{B20A91F8-38E1-4EDC-B34D-2AE46FA80F07}.Release|Any CPU.ActiveCfg = Release|Any CPU
		{B20A91F8-38E1-4EDC-B34D-2AE46FA80F07}.Release|Any CPU.Build.0 = Release|Any CPU
		{B43DF313-0AE2-46A3-BE06-90B6A67AF467}.Debug|Any CPU.ActiveCfg = Debug|Any CPU
		{B43DF313-0AE2-46A3-BE06-90B6A67AF467}.Debug|Any CPU.Build.0 = Debug|Any CPU
		{B43DF313-0AE2-46A3-BE06-90B6A67AF467}.Release|Any CPU.ActiveCfg = Release|Any CPU
		{B43DF313-0AE2-46A3-BE06-90B6A67AF467}.Release|Any CPU.Build.0 = Release|Any CPU
		{8D367BC9-3352-47CE-A7A1-11A8DD3B4C65}.Debug|Any CPU.ActiveCfg = Debug|Any CPU
		{8D367BC9-3352-47CE-A7A1-11A8DD3B4C65}.Debug|Any CPU.Build.0 = Debug|Any CPU
		{8D367BC9-3352-47CE-A7A1-11A8DD3B4C65}.Release|Any CPU.ActiveCfg = Release|Any CPU
		{8D367BC9-3352-47CE-A7A1-11A8DD3B4C65}.Release|Any CPU.Build.0 = Release|Any CPU
		{E4D63AFE-5D61-446C-907C-33A8BCDA24A4}.Debug|Any CPU.ActiveCfg = Debug|Any CPU
		{E4D63AFE-5D61-446C-907C-33A8BCDA24A4}.Debug|Any CPU.Build.0 = Debug|Any CPU
		{E4D63AFE-5D61-446C-907C-33A8BCDA24A4}.Release|Any CPU.ActiveCfg = Release|Any CPU
		{E4D63AFE-5D61-446C-907C-33A8BCDA24A4}.Release|Any CPU.Build.0 = Release|Any CPU
	EndGlobalSection
	GlobalSection(NestedProjects) = preSolution
		{B1A0CBE4-D82F-4F0B-B6CB-0D514FFB63BD} = {77CEAD5A-D0CF-4D52-80E5-4E78F06B416E}
		{1AB171A3-04A2-4DBB-A183-490D3B344AEC} = {B1A0CBE4-D82F-4F0B-B6CB-0D514FFB63BD}
		{A36E6EFC-87F0-4860-885C-D08969C6028C} = {77CEAD5A-D0CF-4D52-80E5-4E78F06B416E}
		{B20A91F8-38E1-4EDC-B34D-2AE46FA80F07} = {A36E6EFC-87F0-4860-885C-D08969C6028C}
		{B43DF313-0AE2-46A3-BE06-90B6A67AF467} = {A36E6EFC-87F0-4860-885C-D08969C6028C}
		{4DB13089-C701-4877-80CD-968A268B6EDE} = {77CEAD5A-D0CF-4D52-80E5-4E78F06B416E}
		{8D367BC9-3352-47CE-A7A1-11A8DD3B4C65} = {4DB13089-C701-4877-80CD-968A268B6EDE}
		{E4D63AFE-5D61-446C-907C-33A8BCDA24A4} = {A36E6EFC-87F0-4860-885C-D08969C6028C}
	EndGlobalSection
EndGlobal
